
Microsoft Visual Studio Solution File, Format Version 12.00
# Visual Studio Version 16
VisualStudioVersion = 16.0.30717.126
MinimumVisualStudioVersion = 10.0.40219.1
Project("{FAE04EC0-301F-11D3-BF4B-00C04F79EFBC}") = "DATOS", "DATOS\DATOS.csproj", "{3E7492A8-349E-4C81-86C4-4250639B2EF3}"
EndProject
Project("{FAE04EC0-301F-11D3-BF4B-00C04F79EFBC}") = "NEGOCIO", "NEGOCIO\NEGOCIO.csproj", "{3A08D8D7-87B1-4467-B8FC-4D988FEB5F53}"
EndProject
Project("{FAE04EC0-301F-11D3-BF4B-00C04F79EFBC}") = "ENTIDAD", "ENTIDAD\ENTIDAD.csproj", "{01ADFB0A-56FE-4307-BE19-3BDC9ECA8E3C}"
EndProject
Project("{FAE04EC0-301F-11D3-BF4B-00C04F79EFBC}") = "PRESENTACION", "PRESENTACION\PRESENTACION.csproj", "{89313B43-F52D-4211-9CCB-149B725EC8C5}"
EndProject
Global
	GlobalSection(SolutionConfigurationPlatforms) = preSolution
		Debug|Any CPU = Debug|Any CPU
		Release|Any CPU = Release|Any CPU
	EndGlobalSection
	GlobalSection(ProjectConfigurationPlatforms) = postSolution
		{3E7492A8-349E-4C81-86C4-4250639B2EF3}.Debug|Any CPU.ActiveCfg = Debug|Any CPU
		{3E7492A8-349E-4C81-86C4-4250639B2EF3}.Debug|Any CPU.Build.0 = Debug|Any CPU
		{3E7492A8-349E-4C81-86C4-4250639B2EF3}.Release|Any CPU.ActiveCfg = Release|Any CPU
		{3E7492A8-349E-4C81-86C4-4250639B2EF3}.Release|Any CPU.Build.0 = Release|Any CPU
		{3A08D8D7-87B1-4467-B8FC-4D988FEB5F53}.Debug|Any CPU.ActiveCfg = Debug|Any CPU
		{3A08D8D7-87B1-4467-B8FC-4D988FEB5F53}.Debug|Any CPU.Build.0 = Debug|Any CPU
		{3A08D8D7-87B1-4467-B8FC-4D988FEB5F53}.Release|Any CPU.ActiveCfg = Release|Any CPU
		{3A08D8D7-87B1-4467-B8FC-4D988FEB5F53}.Release|Any CPU.Build.0 = Release|Any CPU
		{01ADFB0A-56FE-4307-BE19-3BDC9ECA8E3C}.Debug|Any CPU.ActiveCfg = Debug|Any CPU
		{01ADFB0A-56FE-4307-BE19-3BDC9ECA8E3C}.Debug|Any CPU.Build.0 = Debug|Any CPU
		{01ADFB0A-56FE-4307-BE19-3BDC9ECA8E3C}.Release|Any CPU.ActiveCfg = Release|Any CPU
		{01ADFB0A-56FE-4307-BE19-3BDC9ECA8E3C}.Release|Any CPU.Build.0 = Release|Any CPU
		{89313B43-F52D-4211-9CCB-149B725EC8C5}.Debug|Any CPU.ActiveCfg = Debug|Any CPU
		{89313B43-F52D-4211-9CCB-149B725EC8C5}.Debug|Any CPU.Build.0 = Debug|Any CPU
		{89313B43-F52D-4211-9CCB-149B725EC8C5}.Release|Any CPU.ActiveCfg = Release|Any CPU
		{89313B43-F52D-4211-9CCB-149B725EC8C5}.Release|Any CPU.Build.0 = Release|Any CPU
	EndGlobalSection
	GlobalSection(SolutionProperties) = preSolution
		HideSolutionNode = FALSE
	EndGlobalSection
	GlobalSection(ExtensibilityGlobals) = postSolution
		SolutionGuid = {09EDA9AC-8068-48BC-80E5-BFED28A2F0A4}
	EndGlobalSection
EndGlobal
